
Microsoft Visual Studio Solution File, Format Version 12.00
# Visual Studio Version 17
VisualStudioVersion = 17.11.35208.52
MinimumVisualStudioVersion = 10.0.40219.1
Project("{FAE04EC0-301F-11D3-BF4B-00C04F79EFBC}") = "AxTask", "AxTask.csproj", "{7FD10007-A093-43B2-845F-EFE8B1D321E4}"
EndProject
Global
	GlobalSection(SolutionConfigurationPlatforms) = preSolution
		Debug|Any CPU = Debug|Any CPU
		Release|Any CPU = Release|Any CPU
	EndGlobalSection
	GlobalSection(ProjectConfigurationPlatforms) = postSolution
		{7FD10007-A093-43B2-845F-EFE8B1D321E4}.Debug|Any CPU.ActiveCfg = Debug|Any CPU
		{7FD10007-A093-43B2-845F-EFE8B1D321E4}.Debug|Any CPU.Build.0 = Debug|Any CPU
		{7FD10007-A093-43B2-845F-EFE8B1D321E4}.Release|Any CPU.ActiveCfg = Release|Any CPU
		{7FD10007-A093-43B2-845F-EFE8B1D321E4}.Release|Any CPU.Build.0 = Release|Any CPU
	EndGlobalSection
	GlobalSection(SolutionProperties) = preSolution
		HideSolutionNode = FALSE
	EndGlobalSection
	GlobalSection(ExtensibilityGlobals) = postSolution
		SolutionGuid = {1560124F-612F-4327-97C5-2E50CEB489D1}
	EndGlobalSection
EndGlobal
